{
  "name": "@portfolio-monorepo/portfolio",
  "version": "0.0.0",
  "lockfileVersion": 1,
  "requires": true,
  "dependencies": {
    "eslint-plugin-react-hooks": {
      "version": "4.6.0",
      "resolved": "https://registry.npmjs.org/eslint-plugin-react-hooks/-/eslint-plugin-react-hooks-4.6.0.tgz",
      "integrity": "sha512-oFc7Itz9Qxh2x4gNHStv3BqJq54ExXmfC+a1NjAta66IAN87Wu0R/QArgIS9qKzX3dXKPI9H5crl9QchNMY9+g==",
      "dev": true
    },
    "eslint-plugin-react-refresh": {
      "version": "0.3.5",
      "resolved": "https://registry.npmjs.org/eslint-plugin-react-refresh/-/eslint-plugin-react-refresh-0.3.5.tgz",
      "integrity": "sha512-61qNIsc7fo9Pp/mju0J83kzvLm0Bsayu7OQSLEoJxLDCBjIIyb87bkzufoOvdDxLkSlMfkF7UxomC4+eztUBSA==",
      "dev": true
    },
    "js-tokens": {
      "version": "4.0.0",
      "resolved": "https://registry.npmjs.org/js-tokens/-/js-tokens-4.0.0.tgz",
      "integrity": "sha512-RdJUflcE3cUzKiMqQgsCu06FPu9UdIJO0beYbPhHN4k6apgJtifcoCtT9bcxOpYBtpD2kCM6Sbzg4CausW/PKQ=="
    },
    "loose-envify": {
      "version": "1.4.0",
      "resolved": "https://registry.npmjs.org/loose-envify/-/loose-envify-1.4.0.tgz",
      "integrity": "sha512-lyuxPGr/Wfhrlem2CL/UcnUc1zcqKAImBDzukY7Y5F/yQiNdko6+fRLevlw1HgMySw7f611UIY408EtxRSoK3Q==",
      "requires": {
        "js-tokens": "^3.0.0 || ^4.0.0"
      }
    },
    "ometa": {
      "version": "0.2.2",
      "resolved": "https://registry.npmjs.org/ometa/-/ometa-0.2.2.tgz",
      "integrity": "sha512-LZuoK/yjU3FvrxPjUXUlZ1bavCfBPqauA7fsNdwi+AVhRdyk2IzgP3JRnevvjzQ6fKHdUw8YISshf53FmpHrng=="
    },
    "pnpm": {
      "version": "9.12.2",
      "resolved": "https://registry.npmjs.org/pnpm/-/pnpm-9.12.2.tgz",
      "integrity": "sha512-InIbOhH4FmGuHsaM4ae4eUJaHKW5kcl1sHSsIgsYfOVscI/l22n0yWLJiUUu7nbIKHf07oD0dM69Ye4TRhtiKA=="
    },
    "react": {
      "version": "18.2.0",
      "resolved": "https://registry.npmjs.org/react/-/react-18.2.0.tgz",
      "integrity": "sha512-/3IjMdb2L9QbBdWiW5e3P2/npwMBaU9mHCSCUzNln0ZCYbcfTsGbTJrU/kGemdH2IWmB2ioZ+zkxtmq6g09fGQ==",
      "requires": {
        "loose-envify": "^1.1.0"
      }
    },
    "react-dom": {
      "version": "18.2.0",
      "resolved": "https://registry.npmjs.org/react-dom/-/react-dom-18.2.0.tgz",
      "integrity": "sha512-6IMTriUmvsjHUjNtEDudZfuDQUoWXVxKHhlEGSk81n4YFS+r/Kl99wXiwlVXtPBtJenozv2P+hxDsw9eA7Xo6g==",
      "requires": {
        "loose-envify": "^1.1.0",
        "scheduler": "^0.23.0"
      }
    },
    "react-unity-webgl": {
      "version": "9.4.2",
      "resolved": "https://registry.npmjs.org/react-unity-webgl/-/react-unity-webgl-9.4.2.tgz",
      "integrity": "sha512-wOFPYgyCrEu1mBYCzTtkTLXxluIS5OMO430XW3uZLrPQHooJsqh8kYq6dwNidf8V8TFVhkp365qVmHyEXLmcHQ=="
    },
    "scheduler": {
      "version": "0.23.0",
      "resolved": "https://registry.npmjs.org/scheduler/-/scheduler-0.23.0.tgz",
      "integrity": "sha512-CtuThmgHNg7zIZWAXi3AsyIzA3n4xx7aNyjwC2VJldO2LMVDhFK+63xGqq6CsJH4rTAt6/M+N4GhZiDYPx9eUw==",
      "requires": {
        "loose-envify": "^1.1.0"
      }
    },
    "scss": {
      "version": "0.2.4",
      "resolved": "https://registry.npmjs.org/scss/-/scss-0.2.4.tgz",
      "integrity": "sha512-4u8V87F+Q/upVhUmhPnB4C1R11xojkRkWjExL2v0CX2EXTg18VrKd+9JWoeyCp2VEMdSpJsyAvVU+rVjogh51A==",
      "requires": {
        "ometa": "0.2.2"
      }
    }
  }
}
